// !$*UTF8*$!
{
	archiveVersion = 1;
	classes = {
	};
	objectVersion = 77;
	objects = {

/* Begin PBXBuildFile section */
		63CD0A202F200546003C684A /* WidgetKit.framework in Frameworks */ = {isa = PBXBuildFile; fileRef = 63CD0A1F2F200546003C684A /* WidgetKit.framework */; };
		63CD0A222F200546003C684A /* SwiftUI.framework in Frameworks */ = {isa = PBXBuildFile; fileRef = 63CD0A212F200546003C684A /* SwiftUI.framework */; };
		63CD0A2D2F200548003C684A /* TariffWidgetExtension.appex in Embed Foundation Extensions */ = {isa = PBXBuildFile; fileRef = 63CD0A1D2F200546003C684A /* TariffWidgetExtension.appex */; settings = {ATTRIBUTES = (RemoveHeadersOnCopy, ); }; };
/* End PBXBuildFile section */

/* Begin PBXContainerItemProxy section */
		63CD0A2B2F200548003C684A /* PBXContainerItemProxy */ = {
			isa = PBXContainerItemProxy;
			containerPortal = 63CD09FD2F2000D5003C684A /* Project object */;
			proxyType = 1;
			remoteGlobalIDString = 63CD0A1C2F200546003C684A;
			remoteInfo = TariffWidgetExtension;
		};
		A100000A2F300000003C684A /* PBXContainerItemProxy */ = {
			isa = PBXContainerItemProxy;
			containerPortal = 63CD09FD2F2000D5003C684A /* Project object */;
			proxyType = 1;
			remoteGlobalIDString = 63CD0A042F2000D5003C684A;
			remoteInfo = TariffTimeBlockApp;
		};
/* End PBXContainerItemProxy section */

/* Begin PBXCopyFilesBuildPhase section */
		63CD0A322F200548003C684A /* Embed Foundation Extensions */ = {
			isa = PBXCopyFilesBuildPhase;
			buildActionMask = 2147483647;
			dstPath = "";
			dstSubfolderSpec = 13;
			files = (
				63CD0A2D2F200548003C684A /* TariffWidgetExtension.appex in Embed Foundation Extensions */,
			);
			name = "Embed Foundation Extensions";
			runOnlyForDeploymentPostprocessing = 0;
		};
/* End PBXCopyFilesBuildPhase section */

/* Begin PBXFileReference section */
		63CD0A052F2000D5003C684A /* TariffTimeBlockApp.app */ = {isa = PBXFileReference; explicitFileType = wrapper.application; includeInIndex = 0; path = TariffTimeBlockApp.app; sourceTree = BUILT_PRODUCTS_DIR; };
		63CD0A1D2F200546003C684A /* TariffWidgetExtension.appex */ = {isa = PBXFileReference; explicitFileType = "wrapper.app-extension"; includeInIndex = 0; path = TariffWidgetExtension.appex; sourceTree = BUILT_PRODUCTS_DIR; };
		63CD0A1F2F200546003C684A /* WidgetKit.framework */ = {isa = PBXFileReference; lastKnownFileType = wrapper.framework; name = WidgetKit.framework; path = System/Library/Frameworks/WidgetKit.framework; sourceTree = SDKROOT; };
		63CD0A212F200546003C684A /* SwiftUI.framework */ = {isa = PBXFileReference; lastKnownFileType = wrapper.framework; name = SwiftUI.framework; path = System/Library/Frameworks/SwiftUI.framework; sourceTree = SDKROOT; };
		A10000012F300000003C684A /* TariffTimeBlockAppTests.xctest */ = {isa = PBXFileReference; explicitFileType = wrapper.cfbundle; includeInIndex = 0; path = TariffTimeBlockAppTests.xctest; sourceTree = BUILT_PRODUCTS_DIR; };
/* End PBXFileReference section */

/* Begin PBXFileSystemSynchronizedBuildFileExceptionSet section */
		63CD0A2E2F200548003C684A /* Exceptions for "TariffWidget" folder in "TariffWidgetExtension" target */ = {
			isa = PBXFileSystemSynchronizedBuildFileExceptionSet;
			membershipExceptions = (
				Info.plist,
			);
			target = 63CD0A1C2F200546003C684A /* TariffWidgetExtension */;
		};
		63CD0A362F2005C9003C684A /* Exceptions for "TariffWidget" folder in "TariffTimeBlockApp" target */ = {
			isa = PBXFileSystemSynchronizedBuildFileExceptionSet;
			membershipExceptions = (
				TariffProvider.swift,
				TariffWidgetView.swift,
			);
			target = 63CD0A042F2000D5003C684A /* TariffTimeBlockApp */;
		};
		63CD0A402F20067C003C684A /* Exceptions for "TariffTimeBlockApp" folder in "TariffWidgetExtension" target */ = {
			isa = PBXFileSystemSynchronizedBuildFileExceptionSet;
			membershipExceptions = (
				SloveniaHolidays.swift,
				TariffEngine.swift,
				TariffModels.swift,
			);
			target = 63CD0A1C2F200546003C684A /* TariffWidgetExtension */;
		};
/* End PBXFileSystemSynchronizedBuildFileExceptionSet section */

/* Begin PBXFileSystemSynchronizedRootGroup section */
		63CD0A072F2000D5003C684A /* TariffTimeBlockApp */ = {
			isa = PBXFileSystemSynchronizedRootGroup;
			exceptions = (
				63CD0A402F20067C003C684A /* Exceptions for "TariffTimeBlockApp" folder in "TariffWidgetExtension" target */,
			);
			path = TariffTimeBlockApp;
			sourceTree = "<group>";
		};
		63CD0A232F200546003C684A /* TariffWidget */ = {
			isa = PBXFileSystemSynchronizedRootGroup;
			exceptions = (
				63CD0A362F2005C9003C684A /* Exceptions for "TariffWidget" folder in "TariffTimeBlockApp" target */,
				63CD0A2E2F200548003C684A /* Exceptions for "TariffWidget" folder in "TariffWidgetExtension" target */,
			);
			path = TariffWidget;
			sourceTree = "<group>";
		};
		A10000022F300000003C684A /* TariffTimeBlockAppTests */ = {
			isa = PBXFileSystemSynchronizedRootGroup;
			path = TariffTimeBlockAppTests;
			sourceTree = "<group>";
		};
/* End PBXFileSystemSynchronizedRootGroup section */

/* Begin PBXFrameworksBuildPhase section */
		63CD0A022F2000D5003C684A /* Frameworks */ = {
			isa = PBXFrameworksBuildPhase;
			buildActionMask = 2147483647;
			files = (
			);
			runOnlyForDeploymentPostprocessing = 0;
		};
		63CD0A1A2F200546003C684A /* Frameworks */ = {
			isa = PBXFrameworksBuildPhase;
			buildActionMask = 2147483647;
			files = (
				63CD0A222F200546003C684A /* SwiftUI.framework in Frameworks */,
				63CD0A202F200546003C684A /* WidgetKit.framework in Frameworks */,
			);
			runOnlyForDeploymentPostprocessing = 0;
		};
		A10000042F300000003C684A /* Frameworks */ = {
			isa = PBXFrameworksBuildPhase;
			buildActionMask = 2147483647;
			files = (
			);
			runOnlyForDeploymentPostprocessing = 0;
		};
/* End PBXFrameworksBuildPhase section */

/* Begin PBXGroup section */
		63CD09FC2F2000D5003C684A = {
			isa = PBXGroup;
			children = (
				63CD0A072F2000D5003C684A /* TariffTimeBlockApp */,
				63CD0A232F200546003C684A /* TariffWidget */,
				A10000022F300000003C684A /* TariffTimeBlockAppTests */,
				63CD0A1E2F200546003C684A /* Frameworks */,
				63CD0A062F2000D5003C684A /* Products */,
			);
			sourceTree = "<group>";
		};
		63CD0A062F2000D5003C684A /* Products */ = {
			isa = PBXGroup;
			children = (
				63CD0A052F2000D5003C684A /* TariffTimeBlockApp.app */,
				63CD0A1D2F200546003C684A /* TariffWidgetExtension.appex */,
				A10000012F300000003C684A /* TariffTimeBlockAppTests.xctest */,
			);
			name = Products;
			sourceTree = "<group>";
		};
		63CD0A1E2F200546003C684A /* Frameworks */ = {
			isa = PBXGroup;
			children = (
				63CD0A1F2F200546003C684A /* WidgetKit.framework */,
				63CD0A212F200546003C684A /* SwiftUI.framework */,
			);
			name = Frameworks;
			sourceTree = "<group>";
		};
/* End PBXGroup section */

/* Begin PBXNativeTarget section */
		63CD0A042F2000D5003C684A /* TariffTimeBlockApp */ = {
			isa = PBXNativeTarget;
			buildConfigurationList = 63CD0A102F2000D7003C684A /* Build configuration list for PBXNativeTarget "TariffTimeBlockApp" */;
			buildPhases = (
				63CD0A012F2000D5003C684A /* Sources */,
				63CD0A022F2000D5003C684A /* Frameworks */,
				63CD0A032F2000D5003C684A /* Resources */,
				63CD0A322F200548003C684A /* Embed Foundation Extensions */,
			);
			buildRules = (
			);
			dependencies = (
				63CD0A2C2F200548003C684A /* PBXTargetDependency */,
			);
			fileSystemSynchronizedGroups = (
				63CD0A072F2000D5003C684A /* TariffTimeBlockApp */,
			);
			name = TariffTimeBlockApp;
			packageProductDependencies = (
			);
			productName = TariffTimeBlockApp;
			productReference = 63CD0A052F2000D5003C684A /* TariffTimeBlockApp.app */;
			productType = "com.apple.product-type.application";
		};
		63CD0A1C2F200546003C684A /* TariffWidgetExtension */ = {
			isa = PBXNativeTarget;
			buildConfigurationList = 63CD0A2F2F200548003C684A /* Build configuration list for PBXNativeTarget "TariffWidgetExtension" */;
			buildPhases = (
				63CD0A192F200546003C684A /* Sources */,
				63CD0A1A2F200546003C684A /* Frameworks */,
				63CD0A1B2F200546003C684A /* Resources */,
			);
			buildRules = (
			);
			dependencies = (
			);
			fileSystemSynchronizedGroups = (
				63CD0A232F200546003C684A /* TariffWidget */,
			);
			name = TariffWidgetExtension;
			packageProductDependencies = (
			);
			productName = TariffWidgetExtension;
			productReference = 63CD0A1D2F200546003C684A /* TariffWidgetExtension.appex */;
			productType = "com.apple.product-type.app-extension";
		};
		A10000062F300000003C684A /* TariffTimeBlockAppTests */ = {
			isa = PBXNativeTarget;
			buildConfigurationList = A10000092F300000003C684A /* Build configuration list for PBXNativeTarget "TariffTimeBlockAppTests" */;
			buildPhases = (
				A10000032F300000003C684A /* Sources */,
				A10000042F300000003C684A /* Frameworks */,
				A10000052F300000003C684A /* Resources */,
			);
			buildRules = (
			);
			dependencies = (
				A100000B2F300000003C684A /* PBXTargetDependency */,
			);
			fileSystemSynchronizedGroups = (
				A10000022F300000003C684A /* TariffTimeBlockAppTests */,
			);
			name = TariffTimeBlockAppTests;
			packageProductDependencies = (
			);
			productName = TariffTimeBlockAppTests;
			productReference = A10000012F300000003C684A /* TariffTimeBlockAppTests.xctest */;
			productType = "com.apple.product-type.bundle.unit-test";
		};
/* End PBXNativeTarget section */

/* Begin PBXProject section */
		63CD09FD2F2000D5003C684A /* Project object */ = {
			isa = PBXProject;
			attributes = {
				BuildIndependentTargetsInParallel = 1;
				LastSwiftUpdateCheck = 2620;
				LastUpgradeCheck = 2620;
				TargetAttributes = {
					63CD0A042F2000D5003C684A = {
						CreatedOnToolsVersion = 26.2;
					};
					63CD0A1C2F200546003C684A = {
						CreatedOnToolsVersion = 26.2;
					};
					A10000062F300000003C684A = {
						CreatedOnToolsVersion = 26.2;
						TestTargetID = 63CD0A042F2000D5003C684A;
					};
				};
			};
			buildConfigurationList = 63CD0A002F2000D5003C684A /* Build configuration list for PBXProject "TariffTimeBlockApp" */;
			developmentRegion = en;
			hasScannedForEncodings = 0;
			knownRegions = (
				en,
				Base,
			);
			mainGroup = 63CD09FC2F2000D5003C684A;
			minimizedProjectReferenceProxies = 1;
			preferredProjectObjectVersion = 77;
			productRefGroup = 63CD0A062F2000D5003C684A /* Products */;
			projectDirPath = "";
			projectRoot = "";
			targets = (
				63CD0A042F2000D5003C684A /* TariffTimeBlockApp */,
				63CD0A1C2F200546003C684A /* TariffWidgetExtension */,
				A10000062F300000003C684A /* TariffTimeBlockAppTests */,
			);
		};
/* End PBXProject section */

/* Begin PBXResourcesBuildPhase section */
		63CD0A032F2000D5003C684A /* Resources */ = {
			isa = PBXResourcesBuildPhase;
			buildActionMask = 2147483647;
			files = (
			);
			runOnlyForDeploymentPostprocessing = 0;
		};
		63CD0A1B2F200546003C684A /* Resources */ = {
			isa = PBXResourcesBuildPhase;
			buildActionMask = 2147483647;
			files = (
			);
			runOnlyForDeploymentPostprocessing = 0;
		};
		A10000052F300000003C684A /* Resources */ = {
			isa = PBXResourcesBuildPhase;
			buildActionMask = 2147483647;
			files = (
			);
			runOnlyForDeploymentPostprocessing = 0;
		};
/* End PBXResourcesBuildPhase section */

/* Begin PBXSourcesBuildPhase section */
		63CD0A012F2000D5003C684A /* Sources */ = {
			isa = PBXSourcesBuildPhase;
			buildActionMask = 2147483647;
			files = (
			);
			runOnlyForDeploymentPostprocessing = 0;
		};
		63CD0A192F200546003C684A /* Sources */ = {
			isa = PBXSourcesBuildPhase;
			buildActionMask = 2147483647;
			files = (
			);
			runOnlyForDeploymentPostprocessing = 0;
		};
		A10000032F300000003C684A /* Sources */ = {
			isa = PBXSourcesBuildPhase;
			buildActionMask = 2147483647;
			files = (
			);
			runOnlyForDeploymentPostprocessing = 0;
		};
/* End PBXSourcesBuildPhase section */

/* Begin PBXTargetDependency section */
		63CD0A2C2F200548003C684A /* PBXTargetDependency */ = {
			isa = PBXTargetDependency;
			target = 63CD0A1C2F200546003C684A /* TariffWidgetExtension */;
			targetProxy = 63CD0A2B2F200548003C684A /* PBXContainerItemProxy */;
		};
		A100000B2F300000003C684A /* PBXTargetDependency */ = {
			isa = PBXTargetDependency;
			target = 63CD0A042F2000D5003C684A /* TariffTimeBlockApp */;
			targetProxy = A100000A2F300000003C684A /* PBXContainerItemProxy */;
		};
/* End PBXTargetDependency section */

/* Begin XCBuildConfiguration section */
		63CD0A0E2F2000D7003C684A /* Debug */ = {
			isa = XCBuildConfiguration;
			buildSettings = {
				ALWAYS_SEARCH_USER_PATHS = NO;
				ASSETCATALOG_COMPILER_GENERATE_SWIFT_ASSET_SYMBOL_EXTENSIONS = YES;
				CLANG_ANALYZER_NONNULL = YES;
				CLANG_ANALYZER_NUMBER_OBJECT_CONVERSION = YES_AGGRESSIVE;
				CLANG_CXX_LANGUAGE_STANDARD = "gnu++20";
				CLANG_ENABLE_MODULES = YES;
				CLANG_ENABLE_OBJC_ARC = YES;
				CLANG_ENABLE_OBJC_WEAK = YES;
				CLANG_WARN_BLOCK_CAPTURE_AUTORELEASING = YES;
				CLANG_WARN_BOOL_CONVERSION = YES;
				CLANG_WARN_COMMA = YES;
				CLANG_WARN_CONSTANT_CONVERSION = YES;
				CLANG_WARN_DEPRECATED_OBJC_IMPLEMENTATIONS = YES;
				CLANG_WARN_DIRECT_OBJC_ISA_USAGE = YES_ERROR;
				CLANG_WARN_DOCUMENTATION_COMMENTS = YES;
				CLANG_WARN_EMPTY_BODY = YES;
				CLANG_WARN_ENUM_CONVERSION = YES;
				CLANG_WARN_INFINITE_RECURSION = YES;
				CLANG_WARN_INT_CONVERSION = YES;
				CLANG_WARN_NON_LITERAL_NULL_CONVERSION = YES;
				CLANG_WARN_OBJC_IMPLICIT_RETAIN_SELF = YES;
				CLANG_WARN_OBJC_LITERAL_CONVERSION = YES;
				CLANG_WARN_OBJC_ROOT_CLASS = YES_ERROR;
				CLANG_WARN_QUOTED_INCLUDE_IN_FRAMEWORK_HEADER = YES;
				CLANG_WARN_RANGE_LOOP_ANALYSIS = YES;
				CLANG_WARN_STRICT_PROTOTYPES = YES;
				CLANG_WARN_SUSPICIOUS_MOVE = YES;
				CLANG_WARN_UNGUARDED_AVAILABILITY = YES_AGGRESSIVE;
				CLANG_WARN_UNREACHABLE_CODE = YES;
				CLANG_WARN__DUPLICATE_METHOD_MATCH = YES;
				COPY_PHASE_STRIP = NO;
				DEBUG_INFORMATION_FORMAT = dwarf;
				DEVELOPMENT_TEAM = AX2Z5LF5SG;
				ENABLE_STRICT_OBJC_MSGSEND = YES;
				ENABLE_TESTABILITY = YES;
				ENABLE_USER_SCRIPT_SANDBOXING = YES;
				GCC_C_LANGUAGE_STANDARD = gnu17;
				GCC_DYNAMIC_NO_PIC = NO;
				GCC_NO_COMMON_BLOCKS = YES;
				GCC_OPTIMIZATION_LEVEL = 0;
				GCC_PREPROCESSOR_DEFINITIONS = (
					"DEBUG=1",
					"$(inherited)",
				);
				GCC_WARN_64_TO_32_BIT_CONVERSION = YES;
				GCC_WARN_ABOUT_RETURN_TYPE = YES_ERROR;
				GCC_WARN_UNDECLARED_SELECTOR = YES;
				GCC_WARN_UNINITIALIZED_AUTOS = YES_AGGRESSIVE;
				GCC_WARN_UNUSED_FUNCTION = YES;
				GCC_WARN_UNUSED_VARIABLE = YES;
				IPHONEOS_DEPLOYMENT_TARGET = 26.2;
				LOCALIZATION_PREFERS_STRING_CATALOGS = YES;
				MTL_ENABLE_DEBUG_INFO = INCLUDE_SOURCE;
				MTL_FAST_MATH = YES;
				ONLY_ACTIVE_ARCH = YES;
				SDKROOT = iphoneos;
				SWIFT_ACTIVE_COMPILATION_CONDITIONS = "DEBUG $(inherited)";
				SWIFT_OPTIMIZATION_LEVEL = "-Onone";
			};
			name = Debug;
		};
		63CD0A0F2F2000D7003C684A /* Release */ = {
			isa = XCBuildConfiguration;
			buildSettings = {
				ALWAYS_SEARCH_USER_PATHS = NO;
				ASSETCATALOG_COMPILER_GENERATE_SWIFT_ASSET_SYMBOL_EXTENSIONS = YES;
				CLANG_ANALYZER_NONNULL = YES;
				CLANG_ANALYZER_NUMBER_OBJECT_CONVERSION = YES_AGGRESSIVE;
				CLANG_CXX_LANGUAGE_STANDARD = "gnu++20";
				CLANG_ENABLE_MODULES = YES;
				CLANG_ENABLE_OBJC_ARC = YES;
				CLANG_ENABLE_OBJC_WEAK = YES;
				CLANG_WARN_BLOCK_CAPTURE_AUTORELEASING = YES;
				CLANG_WARN_BOOL_CONVERSION = YES;
				CLANG_WARN_COMMA = YES;
				CLANG_WARN_CONSTANT_CONVERSION = YES;
				CLANG_WARN_DEPRECATED_OBJC_IMPLEMENTATIONS = YES;
				CLANG_WARN_DIRECT_OBJC_ISA_USAGE = YES_ERROR;
				CLANG_WARN_DOCUMENTATION_COMMENTS = YES;
				CLANG_WARN_EMPTY_BODY = YES;
				CLANG_WARN_ENUM_CONVERSION = YES;
				CLANG_WARN_INFINITE_RECURSION = YES;
				CLANG_WARN_INT_CONVERSION = YES;
				CLANG_WARN_NON_LITERAL_NULL_CONVERSION = YES;
				CLANG_WARN_OBJC_IMPLICIT_RETAIN_SELF = YES;
				CLANG_WARN_OBJC_LITERAL_CONVERSION = YES;
				CLANG_WARN_OBJC_ROOT_CLASS = YES_ERROR;
				CLANG_WARN_QUOTED_INCLUDE_IN_FRAMEWORK_HEADER = YES;
				CLANG_WARN_RANGE_LOOP_ANALYSIS = YES;
				CLANG_WARN_STRICT_PROTOTYPES = YES;
				CLANG_WARN_SUSPICIOUS_MOVE = YES;
				CLANG_WARN_UNGUARDED_AVAILABILITY = YES_AGGRESSIVE;
				CLANG_WARN_UNREACHABLE_CODE = YES;
				CLANG_WARN__DUPLICATE_METHOD_MATCH = YES;
				COPY_PHASE_STRIP = NO;
				DEBUG_INFORMATION_FORMAT = "dwarf-with-dsym";
				DEVELOPMENT_TEAM = AX2Z5LF5SG;
				ENABLE_NS_ASSERTIONS = NO;
				ENABLE_STRICT_OBJC_MSGSEND = YES;
				ENABLE_USER_SCRIPT_SANDBOXING = YES;
				GCC_C_LANGUAGE_STANDARD = gnu17;
				GCC_NO_COMMON_BLOCKS = YES;
				GCC_WARN_64_TO_32_BIT_CONVERSION = YES;
				GCC_WARN_ABOUT_RETURN_TYPE = YES_ERROR;
				GCC_WARN_UNDECLARED_SELECTOR = YES;
				GCC_WARN_UNINITIALIZED_AUTOS = YES_AGGRESSIVE;
				GCC_WARN_UNUSED_FUNCTION = YES;
				GCC_WARN_UNUSED_VARIABLE = YES;
				IPHONEOS_DEPLOYMENT_TARGET = 26.2;
				LOCALIZATION_PREFERS_STRING_CATALOGS = YES;
				MTL_ENABLE_DEBUG_INFO = NO;
				MTL_FAST_MATH = YES;
				SDKROOT = iphoneos;
				SWIFT_COMPILATION_MODE = wholemodule;
				VALIDATE_PRODUCT = YES;
			};
			name = Release;
		};
		63CD0A112F2000D7003C684A /* Debug */ = {
			isa = XCBuildConfiguration;
			buildSettings = {
				ASSETCATALOG_COMPILER_APPICON_NAME = AppIcon;
				ASSETCATALOG_COMPILER_GLOBAL_ACCENT_COLOR_NAME = AccentColor;
				CODE_SIGN_STYLE = Automatic;
				CURRENT_PROJECT_VERSION = 3;
				DEVELOPMENT_TEAM = AX2Z5LF5SG;
				ENABLE_PREVIEWS = YES;
				GENERATE_INFOPLIST_FILE = YES;
				INFOPLIST_KEY_CFBundleDisplayName = "Omrežnina";
				INFOPLIST_KEY_LSApplicationCategoryType = "public.app-category.utilities";
				INFOPLIST_KEY_UIApplicationSceneManifest_Generation = YES;
				INFOPLIST_KEY_UIApplicationSupportsIndirectInputEvents = YES;
				INFOPLIST_KEY_UILaunchScreen_Generation = YES;
				INFOPLIST_KEY_UISupportedInterfaceOrientations_iPad = "UIInterfaceOrientationPortrait UIInterfaceOrientationPortraitUpsideDown UIInterfaceOrientationLandscapeLeft UIInterfaceOrientationLandscapeRight";
				INFOPLIST_KEY_UISupportedInterfaceOrientations_iPhone = "UIInterfaceOrientationPortrait UIInterfaceOrientationLandscapeLeft UIInterfaceOrientationLandscapeRight";
				LD_RUNPATH_SEARCH_PATHS = (
					"$(inherited)",
					"@executable_path/Frameworks",
				);
				MARKETING_VERSION = 1.0.1;
				PRODUCT_BUNDLE_IDENTIFIER = com.david.TariffTimeBlockApp;
				PRODUCT_NAME = "$(TARGET_NAME)";
				STRING_CATALOG_GENERATE_SYMBOLS = YES;
				SUPPORTED_PLATFORMS = "iphoneos iphonesimulator";
				SUPPORTS_MACCATALYST = NO;
				SUPPORTS_XR_DESIGNED_FOR_IPHONE_IPAD = NO;
				SWIFT_APPROACHABLE_CONCURRENCY = YES;
				SWIFT_DEFAULT_ACTOR_ISOLATION = MainActor;
				SWIFT_EMIT_LOC_STRINGS = YES;
				SWIFT_UPCOMING_FEATURE_MEMBER_IMPORT_VISIBILITY = YES;
				SWIFT_VERSION = 5.0;
				TARGETED_DEVICE_FAMILY = "1,2";
			};
			name = Debug;
		};
		63CD0A122F2000D7003C684A /* Release */ = {
			isa = XCBuildConfiguration;
			buildSettings = {
				ASSETCATALOG_COMPILER_APPICON_NAME = AppIcon;
				ASSETCATALOG_COMPILER_GLOBAL_ACCENT_COLOR_NAME = AccentColor;
				CODE_SIGN_STYLE = Automatic;
				CURRENT_PROJECT_VERSION = 3;
				DEVELOPMENT_TEAM = AX2Z5LF5SG;
				ENABLE_PREVIEWS = YES;
				GENERATE_INFOPLIST_FILE = YES;
				INFOPLIST_KEY_CFBundleDisplayName = "Omrežnina";
				INFOPLIST_KEY_LSApplicationCategoryType = "public.app-category.utilities";
				INFOPLIST_KEY_UIApplicationSceneManifest_Generation = YES;
				INFOPLIST_KEY_UIApplicationSupportsIndirectInputEvents = YES;
				INFOPLIST_KEY_UILaunchScreen_Generation = YES;
				INFOPLIST_KEY_UISupportedInterfaceOrientations_iPad = "UIInterfaceOrientationPortrait UIInterfaceOrientationPortraitUpsideDown UIInterfaceOrientationLandscapeLeft UIInterfaceOrientationLandscapeRight";
				INFOPLIST_KEY_UISupportedInterfaceOrientations_iPhone = "UIInterfaceOrientationPortrait UIInterfaceOrientationLandscapeLeft UIInterfaceOrientationLandscapeRight";
				LD_RUNPATH_SEARCH_PATHS = (
					"$(inherited)",
					"@executable_path/Frameworks",
				);
				MARKETING_VERSION = 1.0.1;
				PRODUCT_BUNDLE_IDENTIFIER = com.david.TariffTimeBlockApp;
				PRODUCT_NAME = "$(TARGET_NAME)";
				STRING_CATALOG_GENERATE_SYMBOLS = YES;
				SUPPORTED_PLATFORMS = "iphoneos iphonesimulator";
				SUPPORTS_MACCATALYST = NO;
				SUPPORTS_XR_DESIGNED_FOR_IPHONE_IPAD = NO;
				SWIFT_APPROACHABLE_CONCURRENCY = YES;
				SWIFT_DEFAULT_ACTOR_ISOLATION = MainActor;
				SWIFT_EMIT_LOC_STRINGS = YES;
				SWIFT_UPCOMING_FEATURE_MEMBER_IMPORT_VISIBILITY = YES;
				SWIFT_VERSION = 5.0;
				TARGETED_DEVICE_FAMILY = "1,2";
			};
			name = Release;
		};
		63CD0A302F200548003C684A /* Debug */ = {
			isa = XCBuildConfiguration;
			buildSettings = {
				ASSETCATALOG_COMPILER_GLOBAL_ACCENT_COLOR_NAME = AccentColor;
				ASSETCATALOG_COMPILER_WIDGET_BACKGROUND_COLOR_NAME = WidgetBackground;
				CODE_SIGN_STYLE = Automatic;
				CURRENT_PROJECT_VERSION = 3;
				DEVELOPMENT_TEAM = AX2Z5LF5SG;
				GENERATE_INFOPLIST_FILE = YES;
				INFOPLIST_FILE = TariffWidget/Info.plist;
				INFOPLIST_KEY_CFBundleDisplayName = TariffWidget;
				INFOPLIST_KEY_NSHumanReadableCopyright = "";
				LD_RUNPATH_SEARCH_PATHS = (
					"$(inherited)",
					"@executable_path/Frameworks",
					"@executable_path/../../Frameworks",
				);
				MARKETING_VERSION = 1.0.1;
				PRODUCT_BUNDLE_IDENTIFIER = com.david.TariffTimeBlockApp.TariffWidget;
				PRODUCT_NAME = "$(TARGET_NAME)";
				SKIP_INSTALL = YES;
				STRING_CATALOG_GENERATE_SYMBOLS = YES;
				SWIFT_APPROACHABLE_CONCURRENCY = YES;
				SWIFT_EMIT_LOC_STRINGS = YES;
				SWIFT_UPCOMING_FEATURE_MEMBER_IMPORT_VISIBILITY = YES;
				SWIFT_VERSION = 5.0;
				TARGETED_DEVICE_FAMILY = "1,2";
			};
			name = Debug;
		};
		63CD0A312F200548003C684A /* Release */ = {
			isa = XCBuildConfiguration;
			buildSettings = {
				ASSETCATALOG_COMPILER_GLOBAL_ACCENT_COLOR_NAME = AccentColor;
				ASSETCATALOG_COMPILER_WIDGET_BACKGROUND_COLOR_NAME = WidgetBackground;
				CODE_SIGN_STYLE = Automatic;
				CURRENT_PROJECT_VERSION = 3;
				DEVELOPMENT_TEAM = AX2Z5LF5SG;
				GENERATE_INFOPLIST_FILE = YES;
				INFOPLIST_FILE = TariffWidget/Info.plist;
				INFOPLIST_KEY_CFBundleDisplayName = TariffWidget;
				INFOPLIST_KEY_NSHumanReadableCopyright = "";
				LD_RUNPATH_SEARCH_PATHS = (
					"$(inherited)",
					"@executable_path/Frameworks",
					"@executable_path/../../Frameworks",
				);
				MARKETING_VERSION = 1.0.1;
				PRODUCT_BUNDLE_IDENTIFIER = com.david.TariffTimeBlockApp.TariffWidget;
				PRODUCT_NAME = "$(TARGET_NAME)";
				SKIP_INSTALL = YES;
				STRING_CATALOG_GENERATE_SYMBOLS = YES;
				SWIFT_APPROACHABLE_CONCURRENCY = YES;
				SWIFT_EMIT_LOC_STRINGS = YES;
				SWIFT_UPCOMING_FEATURE_MEMBER_IMPORT_VISIBILITY = YES;
				SWIFT_VERSION = 5.0;
				TARGETED_DEVICE_FAMILY = "1,2";
			};
			name = Release;
		};
		A10000072F300000003C684A /* Debug */ = {
			isa = XCBuildConfiguration;
			buildSettings = {
				BUNDLE_LOADER = "$(TEST_HOST)";
				CODE_SIGN_STYLE = Automatic;
				CURRENT_PROJECT_VERSION = 1;
				DEVELOPMENT_TEAM = AX2Z5LF5SG;
				GENERATE_INFOPLIST_FILE = YES;
				IPHONEOS_DEPLOYMENT_TARGET = 26.2;
				LD_RUNPATH_SEARCH_PATHS = (
					"$(inherited)",
					"@executable_path/Frameworks",
					"@loader_path/Frameworks",
				);
				PRODUCT_BUNDLE_IDENTIFIER = com.david.TariffTimeBlockAppTests;
				PRODUCT_NAME = "$(TARGET_NAME)";
				SWIFT_EMIT_LOC_STRINGS = NO;
				SWIFT_VERSION = 5.0;
				TARGETED_DEVICE_FAMILY = "1,2";
				TEST_HOST = "$(BUILT_PRODUCTS_DIR)/TariffTimeBlockApp.app/$(BUNDLE_EXECUTABLE_FOLDER_PATH)/TariffTimeBlockApp";
			};
			name = Debug;
		};
		A10000082F300000003C684A /* Release */ = {
			isa = XCBuildConfiguration;
			buildSettings = {
				BUNDLE_LOADER = "$(TEST_HOST)";
				CODE_SIGN_STYLE = Automatic;
				CURRENT_PROJECT_VERSION = 1;
				DEVELOPMENT_TEAM = AX2Z5LF5SG;
				GENERATE_INFOPLIST_FILE = YES;
				IPHONEOS_DEPLOYMENT_TARGET = 26.2;
				LD_RUNPATH_SEARCH_PATHS = (
					"$(inherited)",
					"@executable_path/Frameworks",
					"@loader_path/Frameworks",
				);
				PRODUCT_BUNDLE_IDENTIFIER = com.david.TariffTimeBlockAppTests;
				PRODUCT_NAME = "$(TARGET_NAME)";
				SWIFT_EMIT_LOC_STRINGS = NO;
				SWIFT_VERSION = 5.0;
				TARGETED_DEVICE_FAMILY = "1,2";
				TEST_HOST = "$(BUILT_PRODUCTS_DIR)/TariffTimeBlockApp.app/$(BUNDLE_EXECUTABLE_FOLDER_PATH)/TariffTimeBlockApp";
			};
			name = Release;
		};
/* End XCBuildConfiguration section */

/* Begin XCConfigurationList section */
		63CD0A002F2000D5003C684A /* Build configuration list for PBXProject "TariffTimeBlockApp" */ = {
			isa = XCConfigurationList;
			buildConfigurations = (
				63CD0A0E2F2000D7003C684A /* Debug */,
				63CD0A0F2F2000D7003C684A /* Release */,
			);
			defaultConfigurationIsVisible = 0;
			defaultConfigurationName = Release;
		};
		63CD0A102F2000D7003C684A /* Build configuration list for PBXNativeTarget "TariffTimeBlockApp" */ = {
			isa = XCConfigurationList;
			buildConfigurations = (
				63CD0A112F2000D7003C684A /* Debug */,
				63CD0A122F2000D7003C684A /* Release */,
			);
			defaultConfigurationIsVisible = 0;
			defaultConfigurationName = Release;
		};
		63CD0A2F2F200548003C684A /* Build configuration list for PBXNativeTarget "TariffWidgetExtension" */ = {
			isa = XCConfigurationList;
			buildConfigurations = (
				63CD0A302F200548003C684A /* Debug */,
				63CD0A312F200548003C684A /* Release */,
			);
			defaultConfigurationIsVisible = 0;
			defaultConfigurationName = Release;
		};
		A10000092F300000003C684A /* Build configuration list for PBXNativeTarget "TariffTimeBlockAppTests" */ = {
			isa = XCConfigurationList;
			buildConfigurations = (
				A10000072F300000003C684A /* Debug */,
				A10000082F300000003C684A /* Release */,
			);
			defaultConfigurationIsVisible = 0;
			defaultConfigurationName = Release;
		};
/* End XCConfigurationList section */
	};
	rootObject = 63CD09FD2F2000D5003C684A /* Project object */;
}
